
Microsoft Visual Studio Solution File, Format Version 12.00
# Visual Studio Version 17
VisualStudioVersion = 17.5.002.0
MinimumVisualStudioVersion = 10.0.40219.1
Project("{2150E333-8FDC-42A3-9474-1A3956D46DE8}") = "csharp-prep", "csharp-prep", "{C67FDB75-ED41-4C1C-8CA4-376C7A3DD6FD}"
EndProject
Project("{9A19103F-16F7-4668-BE54-9A1E7A4F7556}") = "Prep1", "csharp-prep\Prep1\Prep1.csproj", "{EA1E7D00-F546-4C3F-B15A-81382B2B75E1}"
EndProject
Project("{9A19103F-16F7-4668-BE54-9A1E7A4F7556}") = "Prep2", "csharp-prep\Prep2\Prep2.csproj", "{3CC371B7-28F1-4E2F-86B5-9BF6225EBF6A}"
EndProject
Project("{9A19103F-16F7-4668-BE54-9A1E7A4F7556}") = "Prep3", "csharp-prep\Prep3\Prep3.csproj", "{C7C2B7CE-C5C3-4592-B420-FAEDD832DA98}"
EndProject
Project("{9A19103F-16F7-4668-BE54-9A1E7A4F7556}") = "Prep4", "csharp-prep\Prep4\Prep4.csproj", "{C7D5203F-3500-4FDB-82D0-540EC005C44B}"
EndProject
Project("{9A19103F-16F7-4668-BE54-9A1E7A4F7556}") = "Prep5", "csharp-prep\Prep5\Prep5.csproj", "{9251EF0C-9DD1-4FDF-A668-317D3A2DC9C9}"
EndProject
Project("{2150E333-8FDC-42A3-9474-1A3956D46DE8}") = "final", "final", "{A0EFB74D-C7C8-4DD2-B3B1-964EB442248C}"
EndProject
Project("{9A19103F-16F7-4668-BE54-9A1E7A4F7556}") = "FinalProject", "final\FinalProject\FinalProject.csproj", "{30008E7F-A126-4EE1-A70C-AF856176667E}"
EndProject
Project("{9A19103F-16F7-4668-BE54-9A1E7A4F7556}") = "Foundation1", "final\Foundation1\Foundation1.csproj", "{79AF132B-F490-4332-A879-308F85410035}"
EndProject
Project("{9A19103F-16F7-4668-BE54-9A1E7A4F7556}") = "Foundation2", "final\Foundation2\Foundation2.csproj", "{F2147C98-DA09-4012-B9CE-E8062058DF76}"
EndProject
Project("{9A19103F-16F7-4668-BE54-9A1E7A4F7556}") = "Foundation3", "final\Foundation3\Foundation3.csproj", "{004EF94B-120A-447F-93B9-13778552BE32}"
EndProject
Project("{9A19103F-16F7-4668-BE54-9A1E7A4F7556}") = "Foundation4", "final\Foundation4\Foundation4.csproj", "{FCF5D1ED-F7EB-48E9-A1EC-277A5973BF7D}"
EndProject
Project("{2150E333-8FDC-42A3-9474-1A3956D46DE8}") = "prepare", "prepare", "{308DCDAB-5B42-4FE6-B971-8390D0423016}"
EndProject
Project("{9A19103F-16F7-4668-BE54-9A1E7A4F7556}") = "Learning02", "prepare\Learning02\Learning02.csproj", "{27E82BF7-4391-4650-9F14-F316A54AFB53}"
EndProject
Project("{9A19103F-16F7-4668-BE54-9A1E7A4F7556}") = "Learning03", "prepare\Learning03\Learning03.csproj", "{CCD8F984-F523-4B78-BDDA-8686CD8232D6}"
EndProject
Project("{9A19103F-16F7-4668-BE54-9A1E7A4F7556}") = "Learning04", "prepare\Learning04\Learning04.csproj", "{6251A729-45B2-4BB3-91E8-C24EF747708D}"
EndProject
Project("{9A19103F-16F7-4668-BE54-9A1E7A4F7556}") = "Learning05", "prepare\Learning05\Learning05.csproj", "{B9463329-8EB4-4560-96F9-62FAEE5B0C64}"
EndProject
Project("{2150E333-8FDC-42A3-9474-1A3956D46DE8}") = "prove", "prove", "{74B5190E-25BC-44D0-A6D6-ED7998A63664}"
EndProject
Project("{9A19103F-16F7-4668-BE54-9A1E7A4F7556}") = "Develop02", "prove\Develop02\Develop02.csproj", "{9ACEF39B-202B-4E04-8CB1-AB0C1AE49F6E}"
EndProject
Project("{9A19103F-16F7-4668-BE54-9A1E7A4F7556}") = "Develop03", "prove\Develop03\Develop03.csproj", "{CD673982-91E7-46F0-AED7-54060232759E}"
EndProject
Project("{9A19103F-16F7-4668-BE54-9A1E7A4F7556}") = "Develop04", "prove\Develop04\Develop04.csproj", "{6B5FF375-CBA9-4D01-A475-A4C0ABFFA20F}"
EndProject
Project("{9A19103F-16F7-4668-BE54-9A1E7A4F7556}") = "Develop05", "prove\Develop05\Develop05.csproj", "{14CCE299-177C-4A7F-9627-ECE3D355CDCB}"
EndProject
Project("{2150E333-8FDC-42A3-9474-1A3956D46DE8}") = "sandbox", "sandbox", "{CBC125FF-D36A-4CDB-A87E-3C841DE0AE28}"
EndProject
Project("{9A19103F-16F7-4668-BE54-9A1E7A4F7556}") = "Sandbox", "sandbox\Sandbox\Sandbox.csproj", "{CF282315-076D-44CA-A9AD-FC5CB368EC72}"
EndProject
Global
	GlobalSection(SolutionConfigurationPlatforms) = preSolution
		Debug|Any CPU = Debug|Any CPU
		Release|Any CPU = Release|Any CPU
	EndGlobalSection
	GlobalSection(ProjectConfigurationPlatforms) = postSolution
		{EA1E7D00-F546-4C3F-B15A-81382B2B75E1}.Debug|Any CPU.ActiveCfg = Debug|Any CPU
		{EA1E7D00-F546-4C3F-B15A-81382B2B75E1}.Debug|Any CPU.Build.0 = Debug|Any CPU
		{EA1E7D00-F546-4C3F-B15A-81382B2B75E1}.Release|Any CPU.ActiveCfg = Release|Any CPU
		{EA1E7D00-F546-4C3F-B15A-81382B2B75E1}.Release|Any CPU.Build.0 = Release|Any CPU
		{3CC371B7-28F1-4E2F-86B5-9BF6225EBF6A}.Debug|Any CPU.ActiveCfg = Debug|Any CPU
		{3CC371B7-28F1-4E2F-86B5-9BF6225EBF6A}.Debug|Any CPU.Build.0 = Debug|Any CPU
		{3CC371B7-28F1-4E2F-86B5-9BF6225EBF6A}.Release|Any CPU.ActiveCfg = Release|Any CPU
		{3CC371B7-28F1-4E2F-86B5-9BF6225EBF6A}.Release|Any CPU.Build.0 = Release|Any CPU
		{C7C2B7CE-C5C3-4592-B420-FAEDD832DA98}.Debug|Any CPU.ActiveCfg = Debug|Any CPU
		{C7C2B7CE-C5C3-4592-B420-FAEDD832DA98}.Debug|Any CPU.Build.0 = Debug|Any CPU
		{C7C2B7CE-C5C3-4592-B420-FAEDD832DA98}.Release|Any CPU.ActiveCfg = Release|Any CPU
		{C7C2B7CE-C5C3-4592-B420-FAEDD832DA98}.Release|Any CPU.Build.0 = Release|Any CPU
		{C7D5203F-3500-4FDB-82D0-540EC005C44B}.Debug|Any CPU.ActiveCfg = Debug|Any CPU
		{C7D5203F-3500-4FDB-82D0-540EC005C44B}.Debug|Any CPU.Build.0 = Debug|Any CPU
		{C7D5203F-3500-4FDB-82D0-540EC005C44B}.Release|Any CPU.ActiveCfg = Release|Any CPU
		{C7D5203F-3500-4FDB-82D0-540EC005C44B}.Release|Any CPU.Build.0 = Release|Any CPU
		{9251EF0C-9DD1-4FDF-A668-317D3A2DC9C9}.Debug|Any CPU.ActiveCfg = Debug|Any CPU
		{9251EF0C-9DD1-4FDF-A668-317D3A2DC9C9}.Debug|Any CPU.Build.0 = Debug|Any CPU
		{9251EF0C-9DD1-4FDF-A668-317D3A2DC9C9}.Release|Any CPU.ActiveCfg = Release|Any CPU
		{9251EF0C-9DD1-4FDF-A668-317D3A2DC9C9}.Release|Any CPU.Build.0 = Release|Any CPU
		{30008E7F-A126-4EE1-A70C-AF856176667E}.Debug|Any CPU.ActiveCfg = Debug|Any CPU
		{30008E7F-A126-4EE1-A70C-AF856176667E}.Debug|Any CPU.Build.0 = Debug|Any CPU
		{30008E7F-A126-4EE1-A70C-AF856176667E}.Release|Any CPU.ActiveCfg = Release|Any CPU
		{30008E7F-A126-4EE1-A70C-AF856176667E}.Release|Any CPU.Build.0 = Release|Any CPU
		{79AF132B-F490-4332-A879-308F85410035}.Debug|Any CPU.ActiveCfg = Debug|Any CPU
		{79AF132B-F490-4332-A879-308F85410035}.Debug|Any CPU.Build.0 = Debug|Any CPU
		{79AF132B-F490-4332-A879-308F85410035}.Release|Any CPU.ActiveCfg = Release|Any CPU
		{79AF132B-F490-4332-A879-308F85410035}.Release|Any CPU.Build.0 = Release|Any CPU
		{F2147C98-DA09-4012-B9CE-E8062058DF76}.Debug|Any CPU.ActiveCfg = Debug|Any CPU
		{F2147C98-DA09-4012-B9CE-E8062058DF76}.Debug|Any CPU.Build.0 = Debug|Any CPU
		{F2147C98-DA09-4012-B9CE-E8062058DF76}.Release|Any CPU.ActiveCfg = Release|Any CPU
		{F2147C98-DA09-4012-B9CE-E8062058DF76}.Release|Any CPU.Build.0 = Release|Any CPU
		{004EF94B-120A-447F-93B9-13778552BE32}.Debug|Any CPU.ActiveCfg = Debug|Any CPU
		{004EF94B-120A-447F-93B9-13778552BE32}.Debug|Any CPU.Build.0 = Debug|Any CPU
		{004EF94B-120A-447F-93B9-13778552BE32}.Release|Any CPU.ActiveCfg = Release|Any CPU
		{004EF94B-120A-447F-93B9-13778552BE32}.Release|Any CPU.Build.0 = Release|Any CPU
		{FCF5D1ED-F7EB-48E9-A1EC-277A5973BF7D}.Debug|Any CPU.ActiveCfg = Debug|Any CPU
		{FCF5D1ED-F7EB-48E9-A1EC-277A5973BF7D}.Debug|Any CPU.Build.0 = Debug|Any CPU
		{FCF5D1ED-F7EB-48E9-A1EC-277A5973BF7D}.Release|Any CPU.ActiveCfg = Release|Any CPU
		{FCF5D1ED-F7EB-48E9-A1EC-277A5973BF7D}.Release|Any CPU.Build.0 = Release|Any CPU
		{27E82BF7-4391-4650-9F14-F316A54AFB53}.Debug|Any CPU.ActiveCfg = Debug|Any CPU
		{27E82BF7-4391-4650-9F14-F316A54AFB53}.Debug|Any CPU.Build.0 = Debug|Any CPU
		{27E82BF7-4391-4650-9F14-F316A54AFB53}.Release|Any CPU.ActiveCfg = Release|Any CPU
		{27E82BF7-4391-4650-9F14-F316A54AFB53}.Release|Any CPU.Build.0 = Release|Any CPU
		{CCD8F984-F523-4B78-BDDA-8686CD8232D6}.Debug|Any CPU.ActiveCfg = Debug|Any CPU
		{CCD8F984-F523-4B78-BDDA-8686CD8232D6}.Debug|Any CPU.Build.0 = Debug|Any CPU
		{CCD8F984-F523-4B78-BDDA-8686CD8232D6}.Release|Any CPU.ActiveCfg = Release|Any CPU
		{CCD8F984-F523-4B78-BDDA-8686CD8232D6}.Release|Any CPU.Build.0 = Release|Any CPU
		{6251A729-45B2-4BB3-91E8-C24EF747708D}.Debug|Any CPU.ActiveCfg = Debug|Any CPU
		{6251A729-45B2-4BB3-91E8-C24EF747708D}.Debug|Any CPU.Build.0 = Debug|Any CPU
		{6251A729-45B2-4BB3-91E8-C24EF747708D}.Release|Any CPU.ActiveCfg = Release|Any CPU
		{6251A729-45B2-4BB3-91E8-C24EF747708D}.Release|Any CPU.Build.0 = Release|Any CPU
		{B9463329-8EB4-4560-96F9-62FAEE5B0C64}.Debug|Any CPU.ActiveCfg = Debug|Any CPU
		{B9463329-8EB4-4560-96F9-62FAEE5B0C64}.Debug|Any CPU.Build.0 = Debug|Any CPU
		{B9463329-8EB4-4560-96F9-62FAEE5B0C64}.Release|Any CPU.ActiveCfg = Release|Any CPU
		{B9463329-8EB4-4560-96F9-62FAEE5B0C64}.Release|Any CPU.Build.0 = Release|Any CPU
		{9ACEF39B-202B-4E04-8CB1-AB0C1AE49F6E}.Debug|Any CPU.ActiveCfg = Debug|Any CPU
		{9ACEF39B-202B-4E04-8CB1-AB0C1AE49F6E}.Debug|Any CPU.Build.0 = Debug|Any CPU
		{9ACEF39B-202B-4E04-8CB1-AB0C1AE49F6E}.Release|Any CPU.ActiveCfg = Release|Any CPU
		{9ACEF39B-202B-4E04-8CB1-AB0C1AE49F6E}.Release|Any CPU.Build.0 = Release|Any CPU
		{CD673982-91E7-46F0-AED7-54060232759E}.Debug|Any CPU.ActiveCfg = Debug|Any CPU
		{CD673982-91E7-46F0-AED7-54060232759E}.Debug|Any CPU.Build.0 = Debug|Any CPU
		{CD673982-91E7-46F0-AED7-54060232759E}.Release|Any CPU.ActiveCfg = Release|Any CPU
		{CD673982-91E7-46F0-AED7-54060232759E}.Release|Any CPU.Build.0 = Release|Any CPU
		{6B5FF375-CBA9-4D01-A475-A4C0ABFFA20F}.Debug|Any CPU.ActiveCfg = Debug|Any CPU
		{6B5FF375-CBA9-4D01-A475-A4C0ABFFA20F}.Debug|Any CPU.Build.0 = Debug|Any CPU
		{6B5FF375-CBA9-4D01-A475-A4C0ABFFA20F}.Release|Any CPU.ActiveCfg = Release|Any CPU
		{6B5FF375-CBA9-4D01-A475-A4C0ABFFA20F}.Release|Any CPU.Build.0 = Release|Any CPU
		{14CCE299-177C-4A7F-9627-ECE3D355CDCB}.Debug|Any CPU.ActiveCfg = Debug|Any CPU
		{14CCE299-177C-4A7F-9627-ECE3D355CDCB}.Debug|Any CPU.Build.0 = Debug|Any CPU
		{14CCE299-177C-4A7F-9627-ECE3D355CDCB}.Release|Any CPU.ActiveCfg = Release|Any CPU
		{14CCE299-177C-4A7F-9627-ECE3D355CDCB}.Release|Any CPU.Build.0 = Release|Any CPU
		{CF282315-076D-44CA-A9AD-FC5CB368EC72}.Debug|Any CPU.ActiveCfg = Debug|Any CPU
		{CF282315-076D-44CA-A9AD-FC5CB368EC72}.Debug|Any CPU.Build.0 = Debug|Any CPU
		{CF282315-076D-44CA-A9AD-FC5CB368EC72}.Release|Any CPU.ActiveCfg = Release|Any CPU
		{CF282315-076D-44CA-A9AD-FC5CB368EC72}.Release|Any CPU.Build.0 = Release|Any CPU
	EndGlobalSection
	GlobalSection(SolutionProperties) = preSolution
		HideSolutionNode = FALSE
	EndGlobalSection
	GlobalSection(NestedProjects) = preSolution
		{EA1E7D00-F546-4C3F-B15A-81382B2B75E1} = {C67FDB75-ED41-4C1C-8CA4-376C7A3DD6FD}
		{3CC371B7-28F1-4E2F-86B5-9BF6225EBF6A} = {C67FDB75-ED41-4C1C-8CA4-376C7A3DD6FD}
		{C7C2B7CE-C5C3-4592-B420-FAEDD832DA98} = {C67FDB75-ED41-4C1C-8CA4-376C7A3DD6FD}
		{C7D5203F-3500-4FDB-82D0-540EC005C44B} = {C67FDB75-ED41-4C1C-8CA4-376C7A3DD6FD}
		{9251EF0C-9DD1-4FDF-A668-317D3A2DC9C9} = {C67FDB75-ED41-4C1C-8CA4-376C7A3DD6FD}
		{30008E7F-A126-4EE1-A70C-AF856176667E} = {A0EFB74D-C7C8-4DD2-B3B1-964EB442248C}
		{79AF132B-F490-4332-A879-308F85410035} = {A0EFB74D-C7C8-4DD2-B3B1-964EB442248C}
		{F2147C98-DA09-4012-B9CE-E8062058DF76} = {A0EFB74D-C7C8-4DD2-B3B1-964EB442248C}
		{004EF94B-120A-447F-93B9-13778552BE32} = {A0EFB74D-C7C8-4DD2-B3B1-964EB442248C}
		{FCF5D1ED-F7EB-48E9-A1EC-277A5973BF7D} = {A0EFB74D-C7C8-4DD2-B3B1-964EB442248C}
		{27E82BF7-4391-4650-9F14-F316A54AFB53} = {308DCDAB-5B42-4FE6-B971-8390D0423016}
		{CCD8F984-F523-4B78-BDDA-8686CD8232D6} = {308DCDAB-5B42-4FE6-B971-8390D0423016}
		{6251A729-45B2-4BB3-91E8-C24EF747708D} = {308DCDAB-5B42-4FE6-B971-8390D0423016}
		{B9463329-8EB4-4560-96F9-62FAEE5B0C64} = {308DCDAB-5B42-4FE6-B971-8390D0423016}
		{9ACEF39B-202B-4E04-8CB1-AB0C1AE49F6E} = {74B5190E-25BC-44D0-A6D6-ED7998A63664}
		{CD673982-91E7-46F0-AED7-54060232759E} = {74B5190E-25BC-44D0-A6D6-ED7998A63664}
		{6B5FF375-CBA9-4D01-A475-A4C0ABFFA20F} = {74B5190E-25BC-44D0-A6D6-ED7998A63664}
		{14CCE299-177C-4A7F-9627-ECE3D355CDCB} = {74B5190E-25BC-44D0-A6D6-ED7998A63664}
		{CF282315-076D-44CA-A9AD-FC5CB368EC72} = {CBC125FF-D36A-4CDB-A87E-3C841DE0AE28}
	EndGlobalSection
	GlobalSection(ExtensibilityGlobals) = postSolution
		SolutionGuid = {1B6A7F8A-0ADE-4DD3-BA7D-C5BDE608462B}
	EndGlobalSection
EndGlobal
